
Microsoft Visual Studio Solution File, Format Version 12.00
# Visual Studio Version 17
VisualStudioVersion = 17.13.35818.85 d17.13
MinimumVisualStudioVersion = 10.0.40219.1
Project("{FAE04EC0-301F-11D3-BF4B-00C04F79EFBC}") = "ExemploEF", "ExemploEF.csproj", "{C471FD08-42B7-4564-89FB-1A4AAF700458}"
EndProject
Global
	GlobalSection(SolutionConfigurationPlatforms) = preSolution
		Debug|Any CPU = Debug|Any CPU
		Release|Any CPU = Release|Any CPU
	EndGlobalSection
	GlobalSection(ProjectConfigurationPlatforms) = postSolution
		{C471FD08-42B7-4564-89FB-1A4AAF700458}.Debug|Any CPU.ActiveCfg = Debug|Any CPU
		{C471FD08-42B7-4564-89FB-1A4AAF700458}.Debug|Any CPU.Build.0 = Debug|Any CPU
		{C471FD08-42B7-4564-89FB-1A4AAF700458}.Release|Any CPU.ActiveCfg = Release|Any CPU
		{C471FD08-42B7-4564-89FB-1A4AAF700458}.Release|Any CPU.Build.0 = Release|Any CPU
	EndGlobalSection
	GlobalSection(SolutionProperties) = preSolution
		HideSolutionNode = FALSE
	EndGlobalSection
	GlobalSection(ExtensibilityGlobals) = postSolution
		SolutionGuid = {0BE65A88-E576-4BD4-AD14-DAFF0591626F}
	EndGlobalSection
EndGlobal
